
Microsoft Visual Studio Solution File, Format Version 12.00
# Visual Studio Version 16
VisualStudioVersion = 16.0.32126.315
MinimumVisualStudioVersion = 10.0.40219.1
Project("{FAE04EC0-301F-11D3-BF4B-00C04F79EFBC}") = "StudentManagement", "StudentManagement\StudentManagement.csproj", "{95C10277-739F-404E-B8A9-A849E94B40CC}"
EndProject
Global
	GlobalSection(SolutionConfigurationPlatforms) = preSolution
		Debug|Any CPU = Debug|Any CPU
		Release|Any CPU = Release|Any CPU
	EndGlobalSection
	GlobalSection(ProjectConfigurationPlatforms) = postSolution
		{95C10277-739F-404E-B8A9-A849E94B40CC}.Debug|Any CPU.ActiveCfg = Debug|Any CPU
		{95C10277-739F-404E-B8A9-A849E94B40CC}.Debug|Any CPU.Build.0 = Debug|Any CPU
		{95C10277-739F-404E-B8A9-A849E94B40CC}.Release|Any CPU.ActiveCfg = Release|Any CPU
		{95C10277-739F-404E-B8A9-A849E94B40CC}.Release|Any CPU.Build.0 = Release|Any CPU
	EndGlobalSection
	GlobalSection(SolutionProperties) = preSolution
		HideSolutionNode = FALSE
	EndGlobalSection
	GlobalSection(ExtensibilityGlobals) = postSolution
		SolutionGuid = {A29C46FD-CB29-4000-98BD-E1C2F4720F30}
	EndGlobalSection
EndGlobal
